
Microsoft Visual Studio Solution File, Format Version 12.00
# Visual Studio Version 17
VisualStudioVersion = 17.2.32602.215
MinimumVisualStudioVersion = 10.0.40219.1
Project("{FAE04EC0-301F-11D3-BF4B-00C04F79EFBC}") = "MinApi-c37", "MinApi-c37.csproj", "{C99C2794-B387-4443-87BF-375F8D00F0C0}"
EndProject
Global
	GlobalSection(SolutionConfigurationPlatforms) = preSolution
		Debug|Any CPU = Debug|Any CPU
		Release|Any CPU = Release|Any CPU
	EndGlobalSection
	GlobalSection(ProjectConfigurationPlatforms) = postSolution
		{C99C2794-B387-4443-87BF-375F8D00F0C0}.Debug|Any CPU.ActiveCfg = Debug|Any CPU
		{C99C2794-B387-4443-87BF-375F8D00F0C0}.Debug|Any CPU.Build.0 = Debug|Any CPU
		{C99C2794-B387-4443-87BF-375F8D00F0C0}.Release|Any CPU.ActiveCfg = Release|Any CPU
		{C99C2794-B387-4443-87BF-375F8D00F0C0}.Release|Any CPU.Build.0 = Release|Any CPU
	EndGlobalSection
	GlobalSection(SolutionProperties) = preSolution
		HideSolutionNode = FALSE
	EndGlobalSection
	GlobalSection(ExtensibilityGlobals) = postSolution
		SolutionGuid = {765CA411-EB18-40B1-A81F-C155850B6A7F}
	EndGlobalSection
EndGlobal
